// !$*UTF8*$!
{
	archiveVersion = 1;
	classes = {
	};
	objectVersion = 46;
	objects = {

/* Begin PBXBuildFile section */
		5032059E1F52345C0038B0A8 /* AppDelegate.swift in Sources */ = {isa = PBXBuildFile; fileRef = 5032059D1F52345C0038B0A8 /* AppDelegate.swift */; };
		503205A01F52345C0038B0A8 /* ViewController.swift in Sources */ = {isa = PBXBuildFile; fileRef = 5032059F1F52345C0038B0A8 /* ViewController.swift */; };
		503205A21F52345C0038B0A8 /* Assets.xcassets in Resources */ = {isa = PBXBuildFile; fileRef = 503205A11F52345C0038B0A8 /* Assets.xcassets */; };
		503205A51F52345C0038B0A8 /* Main.storyboard in Resources */ = {isa = PBXBuildFile; fileRef = 503205A31F52345C0038B0A8 /* Main.storyboard */; };
		503205B01F52345C0038B0A8 /* TestAppTests.swift in Sources */ = {isa = PBXBuildFile; fileRef = 503205AF1F52345C0038B0A8 /* TestAppTests.swift */; };
		503205BB1F52356D0038B0A8 /* main.swift in Sources */ = {isa = PBXBuildFile; fileRef = 503205BA1F52356D0038B0A8 /* main.swift */; };
/* End PBXBuildFile section */

/* Begin PBXContainerItemProxy section */
		503205AC1F52345C0038B0A8 /* PBXContainerItemProxy */ = {
			isa = PBXContainerItemProxy;
			containerPortal = 503205921F52345C0038B0A8 /* Project object */;
			proxyType = 1;
			remoteGlobalIDString = 503205991F52345C0038B0A8;
			remoteInfo = TestApp;
		};
/* End PBXContainerItemProxy section */

/* Begin PBXFileReference section */
		5032059A1F52345C0038B0A8 /* TestApp.app */ = {isa = PBXFileReference; explicitFileType = wrapper.application; includeInIndex = 0; path = TestApp.app; sourceTree = BUILT_PRODUCTS_DIR; };
		5032059D1F52345C0038B0A8 /* AppDelegate.swift */ = {isa = PBXFileReference; lastKnownFileType = sourcecode.swift; path = AppDelegate.swift; sourceTree = "<group>"; };
		5032059F1F52345C0038B0A8 /* ViewController.swift */ = {isa = PBXFileReference; lastKnownFileType = sourcecode.swift; path = ViewController.swift; sourceTree = "<group>"; };
		503205A11F52345C0038B0A8 /* Assets.xcassets */ = {isa = PBXFileReference; lastKnownFileType = folder.assetcatalog; path = Assets.xcassets; sourceTree = "<group>"; };
		503205A41F52345C0038B0A8 /* Base */ = {isa = PBXFileReference; lastKnownFileType = file.storyboard; name = Base; path = Base.lproj/Main.storyboard; sourceTree = "<group>"; };
		503205A61F52345C0038B0A8 /* Info.plist */ = {isa = PBXFileReference; lastKnownFileType = text.plist.xml; path = Info.plist; sourceTree = "<group>"; };
		503205AB1F52345C0038B0A8 /* TestAppTests.xctest */ = {isa = PBXFileReference; explicitFileType = wrapper.cfbundle; includeInIndex = 0; path = TestAppTests.xctest; sourceTree = BUILT_PRODUCTS_DIR; };
		503205AF1F52345C0038B0A8 /* TestAppTests.swift */ = {isa = PBXFileReference; lastKnownFileType = sourcecode.swift; path = TestAppTests.swift; sourceTree = "<group>"; };
		503205B11F52345C0038B0A8 /* Info.plist */ = {isa = PBXFileReference; lastKnownFileType = text.plist.xml; path = Info.plist; sourceTree = "<group>"; };
		503205BA1F52356D0038B0A8 /* main.swift */ = {isa = PBXFileReference; fileEncoding = 4; lastKnownFileType = sourcecode.swift; name = main.swift; path = main.swift; sourceTree = "<group>"; };
/* End PBXFileReference section */

/* Begin PBXFrameworksBuildPhase section */
		503205971F52345C0038B0A8 /* Frameworks */ = {
			isa = PBXFrameworksBuildPhase;
			buildActionMask = 2147483647;
			files = (
			);
			runOnlyForDeploymentPostprocessing = 0;
		};
		503205A81F52345C0038B0A8 /* Frameworks */ = {
			isa = PBXFrameworksBuildPhase;
			buildActionMask = 2147483647;
			files = (
			);
			runOnlyForDeploymentPostprocessing = 0;
		};
/* End PBXFrameworksBuildPhase section */

/* Begin PBXGroup section */
		503205911F52345B0038B0A8 = {
			isa = PBXGroup;
			children = (
				5032059B1F52345C0038B0A8 /* Products */,
				5032059C1F52345C0038B0A8 /* TestApp */,
				503205AE1F52345C0038B0A8 /* TestAppTests */,
			);
			sourceTree = "<group>";
		};
		5032059B1F52345C0038B0A8 /* Products */ = {
			isa = PBXGroup;
			children = (
				5032059A1F52345C0038B0A8 /* TestApp.app */,
				503205AB1F52345C0038B0A8 /* TestAppTests.xctest */,
			);
			name = Products;
			sourceTree = "<group>";
		};
		5032059C1F52345C0038B0A8 /* TestApp */ = {
			isa = PBXGroup;
			children = (
				5032059D1F52345C0038B0A8 /* AppDelegate.swift */,
				503205A11F52345C0038B0A8 /* Assets.xcassets */,
				503205A61F52345C0038B0A8 /* Info.plist */,
				503205A31F52345C0038B0A8 /* Main.storyboard */,
				5032059F1F52345C0038B0A8 /* ViewController.swift */,
				503205BA1F52356D0038B0A8 /* main.swift */,
			);
			path = TestApp;
			sourceTree = "<group>";
		};
		503205AE1F52345C0038B0A8 /* TestAppTests */ = {
			isa = PBXGroup;
			children = (
				503205B11F52345C0038B0A8 /* Info.plist */,
				503205AF1F52345C0038B0A8 /* TestAppTests.swift */,
			);
			path = TestAppTests;
			sourceTree = "<group>";
		};
/* End PBXGroup section */

/* Begin PBXNativeTarget section */
		503205991F52345C0038B0A8 /* TestApp */ = {
			isa = PBXNativeTarget;
			buildConfigurationList = 503205B41F52345C0038B0A8 /* Build configuration list for PBXNativeTarget "TestApp" */;
			buildPhases = (
				503205961F52345C0038B0A8 /* Sources */,
				503205971F52345C0038B0A8 /* Frameworks */,
				503205981F52345C0038B0A8 /* Resources */,
			);
			buildRules = (
			);
			dependencies = (
			);
			name = TestApp;
			productName = TestApp;
			productReference = 5032059A1F52345C0038B0A8 /* TestApp.app */;
			productType = "com.apple.product-type.application";
		};
		503205AA1F52345C0038B0A8 /* TestAppTests */ = {
			isa = PBXNativeTarget;
			buildConfigurationList = 503205B71F52345C0038B0A8 /* Build configuration list for PBXNativeTarget "TestAppTests" */;
			buildPhases = (
				503205A71F52345C0038B0A8 /* Sources */,
				503205A81F52345C0038B0A8 /* Frameworks */,
				503205A91F52345C0038B0A8 /* Resources */,
			);
			buildRules = (
			);
			dependencies = (
				503205AD1F52345C0038B0A8 /* PBXTargetDependency */,
			);
			name = TestAppTests;
			productName = TestAppTests;
			productReference = 503205AB1F52345C0038B0A8 /* TestAppTests.xctest */;
			productType = "com.apple.product-type.bundle.unit-test";
		};
/* End PBXNativeTarget section */

/* Begin PBXProject section */
		503205921F52345C0038B0A8 /* Project object */ = {
			isa = PBXProject;
			attributes = {
				LastSwiftUpdateCheck = 0830;
				LastUpgradeCheck = 0830;
				ORGANIZATIONNAME = "m-code";
				TargetAttributes = {
					503205991F52345C0038B0A8 = {
						CreatedOnToolsVersion = 8.3.3;
						DevelopmentTeam = 45Z84TYU2C;
						ProvisioningStyle = Automatic;
					};
					503205AA1F52345C0038B0A8 = {
						CreatedOnToolsVersion = 8.3.3;
						DevelopmentTeam = 45Z84TYU2C;
						ProvisioningStyle = Automatic;
						TestTargetID = 503205991F52345C0038B0A8;
					};
				};
			};
			buildConfigurationList = 503205951F52345C0038B0A8 /* Build configuration list for PBXProject "TestApp" */;
			compatibilityVersion = "Xcode 3.2";
			developmentRegion = English;
			hasScannedForEncodings = 0;
			knownRegions = (
				en,
				Base,
			);
			mainGroup = 503205911F52345B0038B0A8;
			productRefGroup = 5032059B1F52345C0038B0A8 /* Products */;
			projectDirPath = "";
			projectRoot = "";
			targets = (
				503205991F52345C0038B0A8 /* TestApp */,
				503205AA1F52345C0038B0A8 /* TestAppTests */,
			);
		};
/* End PBXProject section */

/* Begin PBXResourcesBuildPhase section */
		503205981F52345C0038B0A8 /* Resources */ = {
			isa = PBXResourcesBuildPhase;
			buildActionMask = 2147483647;
			files = (
				503205A21F52345C0038B0A8 /* Assets.xcassets in Resources */,
				503205A51F52345C0038B0A8 /* Main.storyboard in Resources */,
			);
			runOnlyForDeploymentPostprocessing = 0;
		};
		503205A91F52345C0038B0A8 /* Resources */ = {
			isa = PBXResourcesBuildPhase;
			buildActionMask = 2147483647;
			files = (
			);
			runOnlyForDeploymentPostprocessing = 0;
		};
/* End PBXResourcesBuildPhase section */

/* Begin PBXSourcesBuildPhase section */
		503205961F52345C0038B0A8 /* Sources */ = {
			isa = PBXSourcesBuildPhase;
			buildActionMask = 2147483647;
			files = (
				503205A01F52345C0038B0A8 /* ViewController.swift in Sources */,
				5032059E1F52345C0038B0A8 /* AppDelegate.swift in Sources */,
				503205BB1F52356D0038B0A8 /* main.swift in Sources */,
			);
			runOnlyForDeploymentPostprocessing = 0;
		};
		503205A71F52345C0038B0A8 /* Sources */ = {
			isa = PBXSourcesBuildPhase;
			buildActionMask = 2147483647;
			files = (
				503205B01F52345C0038B0A8 /* TestAppTests.swift in Sources */,
			);
			runOnlyForDeploymentPostprocessing = 0;
		};
/* End PBXSourcesBuildPhase section */

/* Begin PBXTargetDependency section */
		503205AD1F52345C0038B0A8 /* PBXTargetDependency */ = {
			isa = PBXTargetDependency;
			target = 503205991F52345C0038B0A8 /* TestApp */;
			targetProxy = 503205AC1F52345C0038B0A8 /* PBXContainerItemProxy */;
		};
/* End PBXTargetDependency section */

/* Begin PBXVariantGroup section */
		503205A31F52345C0038B0A8 /* Main.storyboard */ = {
			isa = PBXVariantGroup;
			children = (
				503205A41F52345C0038B0A8 /* Base */,
			);
			name = Main.storyboard;
			path = .;
			sourceTree = "<group>";
		};
/* End PBXVariantGroup section */

/* Begin XCBuildConfiguration section */
		503205B21F52345C0038B0A8 /* Debug */ = {
			isa = XCBuildConfiguration;
			buildSettings = {
				ALWAYS_SEARCH_USER_PATHS = NO;
				CLANG_ANALYZER_NONNULL = YES;
				CLANG_ANALYZER_NUMBER_OBJECT_CONVERSION = YES_AGGRESSIVE;
				CLANG_CXX_LANGUAGE_STANDARD = "gnu++0x";
				CLANG_CXX_LIBRARY = "libc++";
				CLANG_ENABLE_MODULES = YES;
				CLANG_ENABLE_OBJC_ARC = YES;
				CLANG_WARN_BOOL_CONVERSION = YES;
				CLANG_WARN_CONSTANT_CONVERSION = YES;
				CLANG_WARN_DIRECT_OBJC_ISA_USAGE = YES_ERROR;
				CLANG_WARN_DOCUMENTATION_COMMENTS = YES;
				CLANG_WARN_EMPTY_BODY = YES;
				CLANG_WARN_ENUM_CONVERSION = YES;
				CLANG_WARN_INFINITE_RECURSION = YES;
				CLANG_WARN_INT_CONVERSION = YES;
				CLANG_WARN_OBJC_ROOT_CLASS = YES_ERROR;
				CLANG_WARN_SUSPICIOUS_MOVE = YES;
				CLANG_WARN_UNREACHABLE_CODE = YES;
				CLANG_WARN__DUPLICATE_METHOD_MATCH = YES;
				CODE_SIGN_IDENTITY = "-";
				COPY_PHASE_STRIP = NO;
				DEBUG_INFORMATION_FORMAT = dwarf;
				ENABLE_STRICT_OBJC_MSGSEND = YES;
				ENABLE_TESTABILITY = YES;
				GCC_C_LANGUAGE_STANDARD = gnu99;
				GCC_DYNAMIC_NO_PIC = NO;
				GCC_NO_COMMON_BLOCKS = YES;
				GCC_OPTIMIZATION_LEVEL = 0;
				GCC_PREPROCESSOR_DEFINITIONS = (
					"DEBUG=1",
					"$(inherited)",
				);
				GCC_WARN_64_TO_32_BIT_CONVERSION = YES;
				GCC_WARN_ABOUT_RETURN_TYPE = YES_ERROR;
				GCC_WARN_UNDECLARED_SELECTOR = YES;
				GCC_WARN_UNINITIALIZED_AUTOS = YES_AGGRESSIVE;
				GCC_WARN_UNUSED_FUNCTION = YES;
				GCC_WARN_UNUSED_VARIABLE = YES;
				MACOSX_DEPLOYMENT_TARGET = 10.12;
				MTL_ENABLE_DEBUG_INFO = YES;
				ONLY_ACTIVE_ARCH = YES;
				SDKROOT = macosx;
				SWIFT_ACTIVE_COMPILATION_CONDITIONS = DEBUG;
				SWIFT_OPTIMIZATION_LEVEL = "-Onone";
			};
			name = Debug;
		};
		503205B31F52345C0038B0A8 /* Release */ = {
			isa = XCBuildConfiguration;
			buildSettings = {
				ALWAYS_SEARCH_USER_PATHS = NO;
				CLANG_ANALYZER_NONNULL = YES;
				CLANG_ANALYZER_NUMBER_OBJECT_CONVERSION = YES_AGGRESSIVE;
				CLANG_CXX_LANGUAGE_STANDARD = "gnu++0x";
				CLANG_CXX_LIBRARY = "libc++";
				CLANG_ENABLE_MODULES = YES;
				CLANG_ENABLE_OBJC_ARC = YES;
				CLANG_WARN_BOOL_CONVERSION = YES;
				CLANG_WARN_CONSTANT_CONVERSION = YES;
				CLANG_WARN_DIRECT_OBJC_ISA_USAGE = YES_ERROR;
				CLANG_WARN_DOCUMENTATION_COMMENTS = YES;
				CLANG_WARN_EMPTY_BODY = YES;
				CLANG_WARN_ENUM_CONVERSION = YES;
				CLANG_WARN_INFINITE_RECURSION = YES;
				CLANG_WARN_INT_CONVERSION = YES;
				CLANG_WARN_OBJC_ROOT_CLASS = YES_ERROR;
				CLANG_WARN_SUSPICIOUS_MOVE = YES;
				CLANG_WARN_UNREACHABLE_CODE = YES;
				CLANG_WARN__DUPLICATE_METHOD_MATCH = YES;
				CODE_SIGN_IDENTITY = "-";
				COPY_PHASE_STRIP = NO;
				DEBUG_INFORMATION_FORMAT = "dwarf-with-dsym";
				ENABLE_NS_ASSERTIONS = NO;
				ENABLE_STRICT_OBJC_MSGSEND = YES;
				GCC_C_LANGUAGE_STANDARD = gnu99;
				GCC_NO_COMMON_BLOCKS = YES;
				GCC_WARN_64_TO_32_BIT_CONVERSION = YES;
				GCC_WARN_ABOUT_RETURN_TYPE = YES_ERROR;
				GCC_WARN_UNDECLARED_SELECTOR = YES;
				GCC_WARN_UNINITIALIZED_AUTOS = YES_AGGRESSIVE;
				GCC_WARN_UNUSED_FUNCTION = YES;
				GCC_WARN_UNUSED_VARIABLE = YES;
				MACOSX_DEPLOYMENT_TARGET = 10.12;
				MTL_ENABLE_DEBUG_INFO = NO;
				SDKROOT = macosx;
				SWIFT_OPTIMIZATION_LEVEL = "-Owholemodule";
			};
			name = Release;
		};
		503205B51F52345C0038B0A8 /* Debug */ = {
			isa = XCBuildConfiguration;
			buildSettings = {
				ASSETCATALOG_COMPILER_APPICON_NAME = AppIcon;
				COMBINE_HIDPI_IMAGES = YES;
				DEVELOPMENT_TEAM = 45Z84TYU2C;
				INFOPLIST_FILE = TestApp/Info.plist;
				LD_RUNPATH_SEARCH_PATHS = "$(inherited) @executable_path/../Frameworks";
				PRODUCT_BUNDLE_IDENTIFIER = "pl.m-code.TestApp";
				PRODUCT_NAME = "$(TARGET_NAME)";
				SWIFT_VERSION = 3.0;
			};
			name = Debug;
		};
		503205B61F52345C0038B0A8 /* Release */ = {
			isa = XCBuildConfiguration;
			buildSettings = {
				ASSETCATALOG_COMPILER_APPICON_NAME = AppIcon;
				COMBINE_HIDPI_IMAGES = YES;
				DEVELOPMENT_TEAM = 45Z84TYU2C;
				INFOPLIST_FILE = TestApp/Info.plist;
				LD_RUNPATH_SEARCH_PATHS = "$(inherited) @executable_path/../Frameworks";
				PRODUCT_BUNDLE_IDENTIFIER = "pl.m-code.TestApp";
				PRODUCT_NAME = "$(TARGET_NAME)";
				SWIFT_VERSION = 3.0;
			};
			name = Release;
		};
		503205B81F52345C0038B0A8 /* Debug */ = {
			isa = XCBuildConfiguration;
			buildSettings = {
				ALWAYS_EMBED_SWIFT_STANDARD_LIBRARIES = YES;
				BUNDLE_LOADER = "$(TEST_HOST)";
				COMBINE_HIDPI_IMAGES = YES;
				DEVELOPMENT_TEAM = 45Z84TYU2C;
				INFOPLIST_FILE = TestAppTests/Info.plist;
				LD_RUNPATH_SEARCH_PATHS = "$(inherited) @executable_path/../Frameworks @loader_path/../Frameworks";
				PRODUCT_BUNDLE_IDENTIFIER = "pl.m-code.TestAppTests";
				PRODUCT_NAME = "$(TARGET_NAME)";
				SWIFT_VERSION = 3.0;
				TEST_HOST = "$(BUILT_PRODUCTS_DIR)/TestApp.app/Contents/MacOS/TestApp";
			};
			name = Debug;
		};
		503205B91F52345C0038B0A8 /* Release */ = {
			isa = XCBuildConfiguration;
			buildSettings = {
				ALWAYS_EMBED_SWIFT_STANDARD_LIBRARIES = YES;
				BUNDLE_LOADER = "$(TEST_HOST)";
				COMBINE_HIDPI_IMAGES = YES;
				DEVELOPMENT_TEAM = 45Z84TYU2C;
				INFOPLIST_FILE = TestAppTests/Info.plist;
				LD_RUNPATH_SEARCH_PATHS = "$(inherited) @executable_path/../Frameworks @loader_path/../Frameworks";
				PRODUCT_BUNDLE_IDENTIFIER = "pl.m-code.TestAppTests";
				PRODUCT_NAME = "$(TARGET_NAME)";
				SWIFT_VERSION = 3.0;
				TEST_HOST = "$(BUILT_PRODUCTS_DIR)/TestApp.app/Contents/MacOS/TestApp";
			};
			name = Release;
		};
/* End XCBuildConfiguration section */

/* Begin XCConfigurationList section */
		503205951F52345C0038B0A8 /* Build configuration list for PBXProject "TestApp" */ = {
			isa = XCConfigurationList;
			buildConfigurations = (
				503205B21F52345C0038B0A8 /* Debug */,
				503205B31F52345C0038B0A8 /* Release */,
			);
			defaultConfigurationIsVisible = 0;
			defaultConfigurationName = Release;
		};
		503205B41F52345C0038B0A8 /* Build configuration list for PBXNativeTarget "TestApp" */ = {
			isa = XCConfigurationList;
			buildConfigurations = (
				503205B51F52345C0038B0A8 /* Debug */,
				503205B61F52345C0038B0A8 /* Release */,
			);
			defaultConfigurationIsVisible = 0;
		};
		503205B71F52345C0038B0A8 /* Build configuration list for PBXNativeTarget "TestAppTests" */ = {
			isa = XCConfigurationList;
			buildConfigurations = (
				503205B81F52345C0038B0A8 /* Debug */,
				503205B91F52345C0038B0A8 /* Release */,
			);
			defaultConfigurationIsVisible = 0;
		};
/* End XCConfigurationList section */
	};
	rootObject = 503205921F52345C0038B0A8 /* Project object */;
}
